
Microsoft Visual Studio Solution File, Format Version 12.00
# Visual Studio 15
VisualStudioVersion = 15.0.28010.2036
MinimumVisualStudioVersion = 10.0.40219.1
Project("{9A19103F-16F7-4668-BE54-9A1E7A4F7556}") = "Altkom.Merrid.ProjectX.Models", "Altkom.Merrid.ProjectX.Models\Altkom.Merrid.ProjectX.Models.csproj", "{63F0379B-B3F3-4A24-A397-847EAFFB3691}"
EndProject
Project("{9A19103F-16F7-4668-BE54-9A1E7A4F7556}") = "Altkom.Merrid.ProjectX.IServices", "Altkom.Merrid.ProjectX.IServices\Altkom.Merrid.ProjectX.IServices.csproj", "{1BFB1C36-9673-4260-9A18-1A9106A6A24C}"
EndProject
Project("{9A19103F-16F7-4668-BE54-9A1E7A4F7556}") = "Altkom.Merrid.ProjectX.FakeServices", "Altkom.Merrid.ProjectX.FakeServices\Altkom.Merrid.ProjectX.FakeServices.csproj", "{2E58BB1B-AE0D-4B7A-A193-3329CFE4E3EF}"
EndProject
Project("{9A19103F-16F7-4668-BE54-9A1E7A4F7556}") = "Altkom.Merrid.ProjectX.ConsoleClient", "Altkom.Merrid.ProjectX.ConsoleClient\Altkom.Merrid.ProjectX.ConsoleClient.csproj", "{3F52CF07-50AC-4507-A542-578A29B3A569}"
EndProject
Project("{9A19103F-16F7-4668-BE54-9A1E7A4F7556}") = "Altkom.Merrid.ProjectX.WebApiService", "Altkom.Merrid.ProjectX.WebApiService\Altkom.Merrid.ProjectX.WebApiService.csproj", "{A18FD7E4-8A22-41AA-8F0E-49E37746A79D}"
EndProject
Project("{9A19103F-16F7-4668-BE54-9A1E7A4F7556}") = "Altkom.Merrid.ProjectX.DbServices", "Altkom.Merrid.ProjectX.DbServices\Altkom.Merrid.ProjectX.DbServices.csproj", "{682BA979-0815-4A12-9407-B8F9473FEE69}"
EndProject
Project("{9A19103F-16F7-4668-BE54-9A1E7A4F7556}") = "Altkom.Merrid.ProjectX.HubService", "Altkom.Merrid.ProjectX.HubService\Altkom.Merrid.ProjectX.HubService.csproj", "{85CE4807-744D-41F4-BA8F-592DD3BB2F32}"
EndProject
Project("{9A19103F-16F7-4668-BE54-9A1E7A4F7556}") = "Altkom.Merrid.ProjectX.Sensor", "Altkom.Merrid.ProjectX.Sensor\Altkom.Merrid.ProjectX.Sensor.csproj", "{EDFDCDD4-F386-4C64-9A33-086E87799CFF}"
EndProject
Project("{FAE04EC0-301F-11D3-BF4B-00C04F79EFBC}") = "Altkom.Merrid.ProjectX.SensorClient", "Altkom.Merrid.ProjectX.SensorClient\Altkom.Merrid.ProjectX.SensorClient.csproj", "{AD50ED61-500B-432A-8965-34DD890224FD}"
EndProject
Global
	GlobalSection(SolutionConfigurationPlatforms) = preSolution
		Debug|Any CPU = Debug|Any CPU
		Release|Any CPU = Release|Any CPU
	EndGlobalSection
	GlobalSection(ProjectConfigurationPlatforms) = postSolution
		{63F0379B-B3F3-4A24-A397-847EAFFB3691}.Debug|Any CPU.ActiveCfg = Debug|Any CPU
		{63F0379B-B3F3-4A24-A397-847EAFFB3691}.Debug|Any CPU.Build.0 = Debug|Any CPU
		{63F0379B-B3F3-4A24-A397-847EAFFB3691}.Release|Any CPU.ActiveCfg = Release|Any CPU
		{63F0379B-B3F3-4A24-A397-847EAFFB3691}.Release|Any CPU.Build.0 = Release|Any CPU
		{1BFB1C36-9673-4260-9A18-1A9106A6A24C}.Debug|Any CPU.ActiveCfg = Debug|Any CPU
		{1BFB1C36-9673-4260-9A18-1A9106A6A24C}.Debug|Any CPU.Build.0 = Debug|Any CPU
		{1BFB1C36-9673-4260-9A18-1A9106A6A24C}.Release|Any CPU.ActiveCfg = Release|Any CPU
		{1BFB1C36-9673-4260-9A18-1A9106A6A24C}.Release|Any CPU.Build.0 = Release|Any CPU
		{2E58BB1B-AE0D-4B7A-A193-3329CFE4E3EF}.Debug|Any CPU.ActiveCfg = Debug|Any CPU
		{2E58BB1B-AE0D-4B7A-A193-3329CFE4E3EF}.Debug|Any CPU.Build.0 = Debug|Any CPU
		{2E58BB1B-AE0D-4B7A-A193-3329CFE4E3EF}.Release|Any CPU.ActiveCfg = Release|Any CPU
		{2E58BB1B-AE0D-4B7A-A193-3329CFE4E3EF}.Release|Any CPU.Build.0 = Release|Any CPU
		{3F52CF07-50AC-4507-A542-578A29B3A569}.Debug|Any CPU.ActiveCfg = Debug|Any CPU
		{3F52CF07-50AC-4507-A542-578A29B3A569}.Debug|Any CPU.Build.0 = Debug|Any CPU
		{3F52CF07-50AC-4507-A542-578A29B3A569}.Release|Any CPU.ActiveCfg = Release|Any CPU
		{3F52CF07-50AC-4507-A542-578A29B3A569}.Release|Any CPU.Build.0 = Release|Any CPU
		{A18FD7E4-8A22-41AA-8F0E-49E37746A79D}.Debug|Any CPU.ActiveCfg = Debug|Any CPU
		{A18FD7E4-8A22-41AA-8F0E-49E37746A79D}.Debug|Any CPU.Build.0 = Debug|Any CPU
		{A18FD7E4-8A22-41AA-8F0E-49E37746A79D}.Release|Any CPU.ActiveCfg = Release|Any CPU
		{A18FD7E4-8A22-41AA-8F0E-49E37746A79D}.Release|Any CPU.Build.0 = Release|Any CPU
		{682BA979-0815-4A12-9407-B8F9473FEE69}.Debug|Any CPU.ActiveCfg = Debug|Any CPU
		{682BA979-0815-4A12-9407-B8F9473FEE69}.Debug|Any CPU.Build.0 = Debug|Any CPU
		{682BA979-0815-4A12-9407-B8F9473FEE69}.Release|Any CPU.ActiveCfg = Release|Any CPU
		{682BA979-0815-4A12-9407-B8F9473FEE69}.Release|Any CPU.Build.0 = Release|Any CPU
		{85CE4807-744D-41F4-BA8F-592DD3BB2F32}.Debug|Any CPU.ActiveCfg = Debug|Any CPU
		{85CE4807-744D-41F4-BA8F-592DD3BB2F32}.Debug|Any CPU.Build.0 = Debug|Any CPU
		{85CE4807-744D-41F4-BA8F-592DD3BB2F32}.Release|Any CPU.ActiveCfg = Release|Any CPU
		{85CE4807-744D-41F4-BA8F-592DD3BB2F32}.Release|Any CPU.Build.0 = Release|Any CPU
		{EDFDCDD4-F386-4C64-9A33-086E87799CFF}.Debug|Any CPU.ActiveCfg = Debug|Any CPU
		{EDFDCDD4-F386-4C64-9A33-086E87799CFF}.Debug|Any CPU.Build.0 = Debug|Any CPU
		{EDFDCDD4-F386-4C64-9A33-086E87799CFF}.Release|Any CPU.ActiveCfg = Release|Any CPU
		{EDFDCDD4-F386-4C64-9A33-086E87799CFF}.Release|Any CPU.Build.0 = Release|Any CPU
		{AD50ED61-500B-432A-8965-34DD890224FD}.Debug|Any CPU.ActiveCfg = Debug|Any CPU
		{AD50ED61-500B-432A-8965-34DD890224FD}.Debug|Any CPU.Build.0 = Debug|Any CPU
		{AD50ED61-500B-432A-8965-34DD890224FD}.Release|Any CPU.ActiveCfg = Release|Any CPU
		{AD50ED61-500B-432A-8965-34DD890224FD}.Release|Any CPU.Build.0 = Release|Any CPU
	EndGlobalSection
	GlobalSection(SolutionProperties) = preSolution
		HideSolutionNode = FALSE
	EndGlobalSection
	GlobalSection(ExtensibilityGlobals) = postSolution
		SolutionGuid = {13135FF5-4E90-49FE-BFC0-CA1B3E73FA5B}
	EndGlobalSection
EndGlobal
